
// !$*UTF8*$!
{
	archiveVersion = 1;
	classes = {
	};
	objectVersion = 50;
	objects = {

/* Begin PBXBuildFile section */
		C302D0BF253C7C6A00325257 /* AppDelegate.swift in Sources */ = {isa = PBXBuildFile; fileRef = C302D0BE253C7C6A00325257 /* AppDelegate.swift */; };
		C302D0C1253C7C6A00325257 /* SceneDelegate.swift in Sources */ = {isa = PBXBuildFile; fileRef = C302D0C0253C7C6A00325257 /* SceneDelegate.swift */; };
		C302D0C3253C7C6A00325257 /* ConverterViewController.swift in Sources */ = {isa = PBXBuildFile; fileRef = C302D0C2253C7C6A00325257 /* ConverterViewController.swift */; };
		C302D0C6253C7C6A00325257 /* Main.storyboard in Resources */ = {isa = PBXBuildFile; fileRef = C302D0C4253C7C6A00325257 /* Main.storyboard */; };
		C302D0C8253C7C7000325257 /* Assets.xcassets in Resources */ = {isa = PBXBuildFile; fileRef = C302D0C7253C7C7000325257 /* Assets.xcassets */; };
		C302D0CB253C7C7000325257 /* LaunchScreen.storyboard in Resources */ = {isa = PBXBuildFile; fileRef = C302D0C9253C7C7000325257 /* LaunchScreen.storyboard */; };
/* End PBXBuildFile section */

/* Begin PBXFileReference section */
		C302D0BB253C7C6A00325257 /* VirtuaCoin.app */ = {isa = PBXFileReference; explicitFileType = wrapper.application; includeInIndex = 0; path = VirtuaCoin.app; sourceTree = BUILT_PRODUCTS_DIR; };
		C302D0BE253C7C6A00325257 /* AppDelegate.swift */ = {isa = PBXFileReference; lastKnownFileType = sourcecode.swift; path = AppDelegate.swift; sourceTree = "<group>"; };
		C302D0C0253C7C6A00325257 /* SceneDelegate.swift */ = {isa = PBXFileReference; lastKnownFileType = sourcecode.swift; path = SceneDelegate.swift; sourceTree = "<group>"; };
		C302D0C2253C7C6A00325257 /* ConverterViewController.swift */ = {isa = PBXFileReference; lastKnownFileType = sourcecode.swift; path = ConverterViewController.swift; sourceTree = "<group>"; };
		C302D0C5253C7C6A00325257 /* Base */ = {isa = PBXFileReference; lastKnownFileType = file.storyboard; name = Base; path = Base.lproj/Main.storyboard; sourceTree = "<group>"; };
		C302D0C7253C7C7000325257 /* Assets.xcassets */ = {isa = PBXFileReference; lastKnownFileType = folder.assetcatalog; path = Assets.xcassets; sourceTree = "<group>"; };
		C302D0CA253C7C7000325257 /* Base */ = {isa = PBXFileReference; lastKnownFileType = file.storyboard; name = Base; path = Base.lproj/LaunchScreen.storyboard; sourceTree = "<group>"; };
		C302D0CC253C7C7000325257 /* Info.plist */ = {isa = PBXFileReference; lastKnownFileType = text.plist.xml; path = Info.plist; sourceTree = "<group>"; };
/* End PBXFileReference section */

/* Begin PBXFrameworksBuildPhase section */
		C302D0B8253C7C6A00325257 /* Frameworks */ = {
			isa = PBXFrameworksBuildPhase;
			buildActionMask = 2147483647;
			files = (
			);
			runOnlyForDeploymentPostprocessing = 0;
		};
/* End PBXFrameworksBuildPhase section */

/* Begin PBXGroup section */
		C302D0B2253C7C6A00325257 = {
			isa = PBXGroup;
			children = (
				C302D0BD253C7C6A00325257 /* VirtuaCoin */,
				C302D0BC253C7C6A00325257 /* Products */,
			);
			sourceTree = "<group>";
		};
		C302D0BC253C7C6A00325257 /* Products */ = {
			isa = PBXGroup;
			children = (
				C302D0BB253C7C6A00325257 /* VirtuaCoin.app */,
			);
			name = Products;
			sourceTree = "<group>";
		};
		C302D0BD253C7C6A00325257 /* VirtuaCoin */ = {
			isa = PBXGroup;
			children = (
				C302D0D6253CB84500325257 /* Controller */,
				C302D0D5253CB83E00325257 /* View */,
				C302D0D4253CB83200325257 /* Model */,
				C302D0BE253C7C6A00325257 /* AppDelegate.swift */,
				C302D0C0253C7C6A00325257 /* SceneDelegate.swift */,
				C302D0C7253C7C7000325257 /* Assets.xcassets */,
				C302D0C9253C7C7000325257 /* LaunchScreen.storyboard */,
				C302D0CC253C7C7000325257 /* Info.plist */,
			);
			path = VirtuaCoin;
			sourceTree = "<group>";
		};
		C302D0D4253CB83200325257 /* Model */ = {
			isa = PBXGroup;
			children = (
			);
			path = Model;
			sourceTree = "<group>";
		};
		C302D0D5253CB83E00325257 /* View */ = {
			isa = PBXGroup;
			children = (
				C302D0C4253C7C6A00325257 /* Main.storyboard */,
			);
			path = View;
			sourceTree = "<group>";
		};
		C302D0D6253CB84500325257 /* Controller */ = {
			isa = PBXGroup;
			children = (
				C302D0C2253C7C6A00325257 /* ConverterViewController.swift */,
			);
			path = Controller;
			sourceTree = "<group>";
		};
/* End PBXGroup section */

/* Begin PBXNativeTarget section */
		C302D0BA253C7C6A00325257 /* VirtuaCoin */ = {
			isa = PBXNativeTarget;
			buildConfigurationList = C302D0CF253C7C7000325257 /* Build configuration list for PBXNativeTarget "VirtuaCoin" */;
			buildPhases = (
				C302D0B7253C7C6A00325257 /* Sources */,
				C302D0B8253C7C6A00325257 /* Frameworks */,
				C302D0B9253C7C6A00325257 /* Resources */,
			);
			buildRules = (
			);
			dependencies = (
			);
			name = VirtuaCoin;
			productName = VirtuaCoin;
			productReference = C302D0BB253C7C6A00325257 /* VirtuaCoin.app */;
			productType = "com.apple.product-type.application";
		};
/* End PBXNativeTarget section */

/* Begin PBXProject section */
		C302D0B3253C7C6A00325257 /* Project object */ = {
			isa = PBXProject;
			attributes = {
				LastSwiftUpdateCheck = 1200;
				LastUpgradeCheck = 1200;
				TargetAttributes = {
					C302D0BA253C7C6A00325257 = {
						CreatedOnToolsVersion = 12.0.1;
					};
				};
			};
			buildConfigurationList = C302D0B6253C7C6A00325257 /* Build configuration list for PBXProject "VirtuaCoin" */;
			compatibilityVersion = "Xcode 9.3";
			developmentRegion = en;
			hasScannedForEncodings = 0;
			knownRegions = (
				en,
				Base,
			);
			mainGroup = C302D0B2253C7C6A00325257;
			productRefGroup = C302D0BC253C7C6A00325257 /* Products */;
			projectDirPath = "";
			projectRoot = "";
			targets = (
				C302D0BA253C7C6A00325257 /* VirtuaCoin */,
			);
		};
/* End PBXProject section */

/* Begin PBXResourcesBuildPhase section */
		C302D0B9253C7C6A00325257 /* Resources */ = {
			isa = PBXResourcesBuildPhase;
			buildActionMask = 2147483647;
			files = (
				C302D0CB253C7C7000325257 /* LaunchScreen.storyboard in Resources */,
				C302D0C8253C7C7000325257 /* Assets.xcassets in Resources */,
				C302D0C6253C7C6A00325257 /* Main.storyboard in Resources */,
			);
			runOnlyForDeploymentPostprocessing = 0;
		};
/* End PBXResourcesBuildPhase section */

/* Begin PBXSourcesBuildPhase section */
		C302D0B7253C7C6A00325257 /* Sources */ = {
			isa = PBXSourcesBuildPhase;
			buildActionMask = 2147483647;
			files = (
				C302D0C3253C7C6A00325257 /* ConverterViewController.swift in Sources */,
				C302D0BF253C7C6A00325257 /* AppDelegate.swift in Sources */,
				C302D0C1253C7C6A00325257 /* SceneDelegate.swift in Sources */,
			);
			runOnlyForDeploymentPostprocessing = 0;
		};
/* End PBXSourcesBuildPhase section */

/* Begin PBXVariantGroup section */
		C302D0C4253C7C6A00325257 /* Main.storyboard */ = {
			isa = PBXVariantGroup;
			children = (
				C302D0C5253C7C6A00325257 /* Base */,
			);
			name = Main.storyboard;
			sourceTree = "<group>";
		};
		C302D0C9253C7C7000325257 /* LaunchScreen.storyboard */ = {
			isa = PBXVariantGroup;
			children = (
				C302D0CA253C7C7000325257 /* Base */,
			);
			name = LaunchScreen.storyboard;
			sourceTree = "<group>";
		};
/* End PBXVariantGroup section */

/* Begin XCBuildConfiguration section */
		C302D0CD253C7C7000325257 /* Debug */ = {
			isa = XCBuildConfiguration;
			buildSettings = {
				ALWAYS_SEARCH_USER_PATHS = NO;
				CLANG_ANALYZER_NONNULL = YES;
				CLANG_ANALYZER_NUMBER_OBJECT_CONVERSION = YES_AGGRESSIVE;
				CLANG_CXX_LANGUAGE_STANDARD = "gnu++14";
				CLANG_CXX_LIBRARY = "libc++";
				CLANG_ENABLE_MODULES = YES;
				CLANG_ENABLE_OBJC_ARC = YES;
				CLANG_ENABLE_OBJC_WEAK = YES;
				CLANG_WARN_BLOCK_CAPTURE_AUTORELEASING = YES;
				CLANG_WARN_BOOL_CONVERSION = YES;
				CLANG_WARN_COMMA = YES;
				CLANG_WARN_CONSTANT_CONVERSION = YES;
				CLANG_WARN_DEPRECATED_OBJC_IMPLEMENTATIONS = YES;
				CLANG_WARN_DIRECT_OBJC_ISA_USAGE = YES_ERROR;
				CLANG_WARN_DOCUMENTATION_COMMENTS = YES;
				CLANG_WARN_EMPTY_BODY = YES;
				CLANG_WARN_ENUM_CONVERSION = YES;
				CLANG_WARN_INFINITE_RECURSION = YES;
				CLANG_WARN_INT_CONVERSION = YES;
				CLANG_WARN_NON_LITERAL_NULL_CONVERSION = YES;
				CLANG_WARN_OBJC_IMPLICIT_RETAIN_SELF = YES;
				CLANG_WARN_OBJC_LITERAL_CONVERSION = YES;
				CLANG_WARN_OBJC_ROOT_CLASS = YES_ERROR;
				CLANG_WARN_QUOTED_INCLUDE_IN_FRAMEWORK_HEADER = YES;
				CLANG_WARN_RANGE_LOOP_ANALYSIS = YES;
				CLANG_WARN_STRICT_PROTOTYPES = YES;
				CLANG_WARN_SUSPICIOUS_MOVE = YES;